version: 7
platforms:
- name: linux-64
environments:
  default:
    channels:
    - url: https://conda.anaconda.org/conda-forge/
    indexes:
    - https://pypi.org/simple
    packages:
      linux-64:
      - conda: https://conda.anaconda.org/conda-forge/linux-64/_openmp_mutex-4.5-20_gnu.conda
      - conda: https://conda.anaconda.org/conda-forge/linux-64/bzip2-1.0.8-hda65f42_9.conda
      - conda: https://conda.anaconda.org/conda-forge/linux-64/fzf-0.74.0-ha8f183a_0.conda
      - conda: https://conda.anaconda.org/conda-forge/linux-64/icu-78.3-h54a6638_2.conda
      - conda: https://conda.anaconda.org/conda-forge/linux-64/ld_impl_linux-64-2.45.1-default_hbd61a6d_102.conda
      - conda: https://conda.anaconda.org/conda-forge/linux-64/libexpat-2.8.1-hecca717_1.conda
      - conda: https://conda.anaconda.org/conda-forge/linux-64/libffi-3.5.2-h3435931_0.conda
      - conda: https://conda.anaconda.org/conda-forge/linux-64/libgcc-15.2.0-he0feb66_19.conda
      - conda: https://conda.anaconda.org/conda-forge/linux-64/libgomp-15.2.0-he0feb66_19.conda
      - conda: https://conda.anaconda.org/conda-forge/linux-64/libiconv-1.18-h3b78370_2.conda
      - conda: https://conda.anaconda.org/conda-forge/linux-64/liblzma-5.8.3-hb03c661_0.conda
      - conda: https://conda.anaconda.org/conda-forge/linux-64/libmpdec-4.0.0-hb03c661_1.conda
      - conda: https://conda.anaconda.org/conda-forge/linux-64/libsqlite-3.53.2-h0c1763c_0.conda
      - conda: https://conda.anaconda.org/conda-forge/linux-64/libstdcxx-15.2.0-h934c35e_19.conda
      - conda: https://conda.anaconda.org/conda-forge/linux-64/libuuid-2.42.2-h5347b49_0.conda
      - conda: https://conda.anaconda.org/conda-forge/linux-64/libxml2-16-2.15.3-hca6bf5a_0.conda
      - conda: https://conda.anaconda.org/conda-forge/linux-64/libxml2-2.15.3-h49c6c72_0.conda
      - conda: https://conda.anaconda.org/conda-forge/linux-64/libxslt-1.1.43-h711ed8c_1.conda
      - conda: https://conda.anaconda.org/conda-forge/linux-64/libzlib-1.3.2-h25fd6f3_2.conda
      - conda: https://conda.anaconda.org/conda-forge/linux-64/lxml-6.1.1-py314hae3bed6_0.conda
      - conda: https://conda.anaconda.org/conda-forge/linux-64/ncurses-6.6-hdb14827_0.conda
      - conda: https://conda.anaconda.org/conda-forge/linux-64/openssl-3.6.3-h35e630c_0.conda
      - conda: https://conda.anaconda.org/conda-forge/linux-64/pandoc-3.10.1-ha770c72_0.conda
      - conda: https://conda.anaconda.org/conda-forge/linux-64/python-3.14.6-habeac84_100_cp314.conda
      - conda: https://conda.anaconda.org/conda-forge/linux-64/pyyaml-6.0.3-py314h67df5f8_1.conda
      - conda: https://conda.anaconda.org/conda-forge/linux-64/readline-8.3-h853b02a_0.conda
      - conda: https://conda.anaconda.org/conda-forge/linux-64/tk-8.6.13-noxft_h366c992_103.conda
      - conda: https://conda.anaconda.org/conda-forge/linux-64/yaml-0.2.5-h280c20c_3.conda
      - conda: https://conda.anaconda.org/conda-forge/linux-64/zstd-1.5.7-hb78ec9c_6.conda
      - conda: https://conda.anaconda.org/conda-forge/noarch/asgiref-3.11.1-pyhcf101f3_0.conda
      - conda: https://conda.anaconda.org/conda-forge/noarch/ca-certificates-2026.6.17-hbd8a1cb_0.conda
      - conda: https://conda.anaconda.org/conda-forge/noarch/django-6.0.6-pyhd8ed1ab_0.conda
      - conda: https://conda.anaconda.org/conda-forge/noarch/importlib-metadata-9.0.0-pyhcf101f3_0.conda
      - conda: https://conda.anaconda.org/conda-forge/noarch/markdown-3.10.2-pyhcf101f3_0.conda
      - conda: https://conda.anaconda.org/conda-forge/noarch/pygments-2.20.0-pyhd8ed1ab_0.conda
      - conda: https://conda.anaconda.org/conda-forge/noarch/pymdown-extensions-11.0-pyhd8ed1ab_0.conda
      - conda: https://conda.anaconda.org/conda-forge/noarch/python-docx-1.2.0-pyhff2d567_0.conda
      - conda: https://conda.anaconda.org/conda-forge/noarch/python_abi-3.14-8_cp314.conda
      - conda: https://conda.anaconda.org/conda-forge/noarch/sqlparse-0.5.5-pyhcf101f3_0.conda
      - conda: https://conda.anaconda.org/conda-forge/noarch/typing_extensions-4.15.0-pyhcf101f3_0.conda
      - conda: https://conda.anaconda.org/conda-forge/noarch/tzdata-2025c-hc9c84f9_1.conda
      - conda: https://conda.anaconda.org/conda-forge/noarch/zipp-4.1.0-pyhcf101f3_0.conda
      - pypi: .
      - pypi: https://files.pythonhosted.org/packages/04/4b/29cac41a4d98d144bf5f6d33995617b185d14b22401f75ca86f384e87ff1/h11-0.16.0-py3-none-any.whl
      - pypi: https://files.pythonhosted.org/packages/0b/d7/1959b9648791274998a9c3526f6d0ec8fd2233e4d4acce81bbae76b44b2a/python_dotenv-1.2.2-py3-none-any.whl
      - pypi: https://files.pythonhosted.org/packages/1e/5e/d4e9f1a599fb8e573b7b87160658329fbf28d19eac2718f51fc3def3aa5a/idna-3.18-py3-none-any.whl
      - pypi: https://files.pythonhosted.org/packages/34/b9/9b1a28f605ad75fa7e4588f51661eb3c7c5feb5ad23e985761e9a14d01c4/django_markdownify-0.9.7-py3-none-any.whl
      - pypi: https://files.pythonhosted.org/packages/58/9d/40b6267367182187139a4000b82a3b287d84d745bccd808e75d916920e9d/bleach-6.4.0-py3-none-any.whl
      - pypi: https://files.pythonhosted.org/packages/60/45/c7b5c3168458db837e8ceab06dc77824e18202679d0463f0e8f002143a97/tinycss2-1.5.1-py3-none-any.whl
      - pypi: https://files.pythonhosted.org/packages/63/bc/d3e208028de777087e6fb2b122051a6ff7bbcca0d6df9d9c2bf1dd869ae9/websockets-16.0-cp314-cp314-manylinux1_x86_64.manylinux_2_28_x86_64.manylinux_2_5_x86_64.whl
      - pypi: https://files.pythonhosted.org/packages/7c/8a/3076c496ca8dafe0e8cd03fcebdfc47be4b1174b4e5b24ff6e396e6b3af2/watchfiles-1.2.0-cp314-cp314-manylinux_2_17_x86_64.manylinux2014_x86_64.whl
      - pypi: https://files.pythonhosted.org/packages/88/fa/e1388bbcf24ef3274f45c0c1c7b501fd14971037c1b6ee23610553307497/uvicorn-0.49.0-py3-none-any.whl
      - pypi: https://files.pythonhosted.org/packages/a6/a3/17c284b4f4d8ad50f0f9ba70ad8fcc35c777aeafcdbbffdd91bbdc5ab379/python_frontmatter-1.3.0-py3-none-any.whl
      - pypi: https://files.pythonhosted.org/packages/b5/35/60249e9fd07b32c665192cec7af29e06c7cd96fa1d08b84f012a56a0b38e/uvloop-0.22.1-cp314-cp314-manylinux2014_x86_64.manylinux_2_17_x86_64.manylinux_2_28_x86_64.whl
      - pypi: https://files.pythonhosted.org/packages/ba/16/9826f089383c593cdfc4a6e5aca94d9e91ae1692c57af82c3b2aa5e810f7/anyio-4.14.0-py3-none-any.whl
      - pypi: https://files.pythonhosted.org/packages/ba/53/771bd891eb0f236f32145d6a1775777ec85745f3cc983a1f23d1a3b8ddfe/httptools-0.8.0-cp314-cp314-manylinux1_x86_64.manylinux_2_28_x86_64.manylinux_2_5_x86_64.whl
      - pypi: https://files.pythonhosted.org/packages/c7/0d/67e5b4109ea4a837e80daa87c2c696711955e40449a97e8926672534def2/click-8.4.1-py3-none-any.whl
      - pypi: https://files.pythonhosted.org/packages/f4/24/2a3e3df732393fed8b3ebf2ec078f05546de641fe1b667ee316ec1dcf3b7/webencodings-0.5.1-py2.py3-none-any.whl
packages:
- conda: https://conda.anaconda.org/conda-forge/linux-64/_openmp_mutex-4.5-20_gnu.conda
  build_number: 20
  sha256: 1dd3fffd892081df9726d7eb7e0dea6198962ba775bd88842135a4ddb4deb3c9
  md5: a9f577daf3de00bca7c3c76c0ecbd1de
  depends:
  - __glibc >=2.17,<3.0.a0
  - libgomp >=7.5.0
  constrains:
  - openmp_impl <0.0a0
  license: BSD-3-Clause
  license_family: BSD
  purls: []
  run_exports:
    strong:
    - _openmp_mutex >=4.5
  size: 28948
  timestamp: 1770939786096
- conda: https://conda.anaconda.org/conda-forge/linux-64/bzip2-1.0.8-hda65f42_9.conda
  sha256: 0b75d45f0bba3e95dc693336fa51f40ea28c980131fec438afb7ce6118ed05f6
  md5: d2ffd7602c02f2b316fd921d39876885
  depends:
  - __glibc >=2.17,<3.0.a0
  - libgcc >=14
  license: bzip2-1.0.6
  license_family: BSD
  purls: []
  run_exports:
    weak:
    - bzip2 >=1.0.8,<2.0a0
  size: 260182
  timestamp: 1771350215188
- conda: https://conda.anaconda.org/conda-forge/linux-64/fzf-0.74.0-ha8f183a_0.conda
  sha256: ea65d6b2e5a11041543fc19aa04c13c1ed9458d790040af6bb2a2a4627bd90b3
  md5: bd702648bf93017c7f59f24cdeea7f70
  license: MIT
  license_family: MIT
  purls: []
  run_exports: {}
  size: 3537300
  timestamp: 1783380147272
- conda: https://conda.anaconda.org/conda-forge/linux-64/icu-78.3-h54a6638_2.conda
  sha256: d7c260b7e1cf22ce04d6ba8a86eabf4e6c50bc96a5c27fe2ecb32298af3e88eb
  md5: 4ef4b977bb216a3001a3334696a80850
  depends:
  - libstdcxx >=14
  - libgcc >=14
  - __glibc >=2.17,<3.0.a0
  license: MIT
  license_family: MIT
  purls: []
  run_exports:
    weak:
    - icu >=78.3,<79.0a0
  size: 14455340
  timestamp: 1784916378180
- conda: https://conda.anaconda.org/conda-forge/linux-64/ld_impl_linux-64-2.45.1-default_hbd61a6d_102.conda
  sha256: 3d584956604909ff5df353767f3a2a2f60e07d070b328d109f30ac40cd62df6c
  md5: 18335a698559cdbcd86150a48bf54ba6
  depends:
  - __glibc >=2.17,<3.0.a0
  - zstd >=1.5.7,<1.6.0a0
  constrains:
  - binutils_impl_linux-64 2.45.1
  license: GPL-3.0-only
  license_family: GPL
  purls: []
  run_exports: {}
  size: 728002
  timestamp: 1774197446916
- conda: https://conda.anaconda.org/conda-forge/linux-64/libexpat-2.8.1-hecca717_1.conda
  sha256: 16feffd9ddbbe5b718515d38ee376c685ba95491cd901244e24671d20b952a77
  md5: b24d3c612f71e7aa74158d92106318b2
  depends:
  - __glibc >=2.17,<3.0.a0
  - libgcc >=14
  constrains:
  - expat 2.8.1.*
  license: MIT
  license_family: MIT
  purls: []
  run_exports: {}
  size: 77856
  timestamp: 1781203599810
- conda: https://conda.anaconda.org/conda-forge/linux-64/libffi-3.5.2-h3435931_0.conda
  sha256: 31f19b6a88ce40ebc0d5a992c131f57d919f73c0b92cd1617a5bec83f6e961e6
  md5: a360c33a5abe61c07959e449fa1453eb
  depends:
  - __glibc >=2.17,<3.0.a0
  - libgcc >=14
  license: MIT
  license_family: MIT
  purls: []
  run_exports:
    weak:
    - libffi >=3.5.2,<3.6.0a0
  size: 58592
  timestamp: 1769456073053
- conda: https://conda.anaconda.org/conda-forge/linux-64/libgcc-15.2.0-he0feb66_19.conda
  sha256: 8e0a3b5e41272e5678499b5dfc4cddb673f9e935de01eb0767ce857001229f46
  md5: 57736f29cc2b0ec0b6c2952d3f101b6a
  depends:
  - __glibc >=2.17,<3.0.a0
  - _openmp_mutex >=4.5
  constrains:
  - libgcc-ng ==15.2.0=*_19
  - libgomp 15.2.0 he0feb66_19
  license: GPL-3.0-only WITH GCC-exception-3.1
  license_family: GPL
  purls: []
  run_exports: {}
  size: 1041084
  timestamp: 1778269013026
- conda: https://conda.anaconda.org/conda-forge/linux-64/libgomp-15.2.0-he0feb66_19.conda
  sha256: 5abe4ab9d93f6c9757d654f1969ae2267d4505315c1f2f8fe705fd60af084f1b
  md5: faac990cb7aedc7f3a2224f2c9b0c26c
  depends:
  - __glibc >=2.17,<3.0.a0
  license: GPL-3.0-only WITH GCC-exception-3.1
  license_family: GPL
  purls: []
  run_exports:
    strong:
    - _openmp_mutex >=4.5
  size: 603817
  timestamp: 1778268942614
- conda: https://conda.anaconda.org/conda-forge/linux-64/libiconv-1.18-h3b78370_2.conda
  sha256: c467851a7312765447155e071752d7bf9bf44d610a5687e32706f480aad2833f
  md5: 915f5995e94f60e9a4826e0b0920ee88
  depends:
  - __glibc >=2.17,<3.0.a0
  - libgcc >=14
  license: LGPL-2.1-only
  purls: []
  run_exports:
    weak:
    - libiconv >=1.18,<2.0a0
  size: 790176
  timestamp: 1754908768807
- conda: https://conda.anaconda.org/conda-forge/linux-64/liblzma-5.8.3-hb03c661_0.conda
  sha256: ec30e52a3c1bf7d0425380a189d209a52baa03f22fb66dd3eb587acaa765bd6d
  md5: b88d90cad08e6bc8ad540cb310a761fb
  depends:
  - __glibc >=2.17,<3.0.a0
  - libgcc >=14
  constrains:
  - xz 5.8.3.*
  license: 0BSD
  purls: []
  run_exports:
    weak:
    - liblzma >=5.8.3,<6.0a0
  size: 113478
  timestamp: 1775825492909
- conda: https://conda.anaconda.org/conda-forge/linux-64/libmpdec-4.0.0-hb03c661_1.conda
  sha256: fe171ed5cf5959993d43ff72de7596e8ac2853e9021dec0344e583734f1e0843
  md5: 2c21e66f50753a083cbe6b80f38268fa
  depends:
  - __glibc >=2.17,<3.0.a0
  - libgcc >=14
  license: BSD-2-Clause
  license_family: BSD
  purls: []
  run_exports: {}
  size: 92400
  timestamp: 1769482286018
- conda: https://conda.anaconda.org/conda-forge/linux-64/libsqlite-3.53.2-h0c1763c_0.conda
  sha256: 1ab603b6ec93933e76027e1f23b21b22b858ba1b56f1e1695ef6fe5e80cb7358
  md5: 062b0ac602fb0adf250e3dfa86f221c4
  depends:
  - __glibc >=2.17,<3.0.a0
  - libgcc >=14
  - libzlib >=1.3.2,<2.0a0
  license: blessing
  purls: []
  run_exports:
    weak:
    - libsqlite >=3.53.2,<4.0a0
  size: 957849
  timestamp: 1780574429573
- conda: https://conda.anaconda.org/conda-forge/linux-64/libstdcxx-15.2.0-h934c35e_19.conda
  sha256: dff1058c76ec6b8759e41cefa2508162d00e4a5e6721aa68ec3fd10094e702dc
  md5: 5794b3bdc38177caf969dabd3af08549
  depends:
  - __glibc >=2.17,<3.0.a0
  - libgcc 15.2.0 he0feb66_19
  constrains:
  - libstdcxx-ng ==15.2.0=*_19
  license: GPL-3.0-only WITH GCC-exception-3.1
  license_family: GPL
  purls: []
  run_exports: {}
  size: 5852044
  timestamp: 1778269036376
- conda: https://conda.anaconda.org/conda-forge/linux-64/libuuid-2.42.2-h5347b49_0.conda
  sha256: 9b1bdce27a7e31f7d241aeecff67a1f3101d52a2b1e33ccc2cdf2613072bf81f
  md5: 01bb81d12c957de066ea7362007df642
  depends:
  - libgcc >=14
  - __glibc >=2.17,<3.0.a0
  license: BSD-3-Clause
  license_family: BSD
  purls: []
  run_exports:
    weak:
    - libuuid >=2.42.2,<3.0a0
  size: 40017
  timestamp: 1781625522462
- conda: https://conda.anaconda.org/conda-forge/linux-64/libxml2-16-2.15.3-hca6bf5a_0.conda
  sha256: 3d44f737c5ae52d5af32682cc1530df433f401f8e58a7533926536244127572a
  md5: e79d2c2f24b027aa8d5ab1b1ba3061e7
  depends:
  - __glibc >=2.17,<3.0.a0
  - icu >=78.3,<79.0a0
  - libgcc >=14
  - libiconv >=1.18,<2.0a0
  - liblzma >=5.8.3,<6.0a0
  - libzlib >=1.3.2,<2.0a0
  constrains:
  - libxml2 2.15.3
  license: MIT
  license_family: MIT
  purls: []
  run_exports: {}
  size: 559775
  timestamp: 1776376739004
- conda: https://conda.anaconda.org/conda-forge/linux-64/libxml2-2.15.3-h49c6c72_0.conda
  sha256: 3bc5551720c58591f6ea1146f7d1539c734ed1c40e7b9f5cb8cb7e900c509aba
  md5: 995d8c8bad2a3cc8db14675a153dec2b
  depends:
  - __glibc >=2.17,<3.0.a0
  - icu >=78.3,<79.0a0
  - libgcc >=14
  - libiconv >=1.18,<2.0a0
  - liblzma >=5.8.3,<6.0a0
  - libxml2-16 2.15.3 hca6bf5a_0
  - libzlib >=1.3.2,<2.0a0
  license: MIT
  license_family: MIT
  purls: []
  run_exports:
    weak:
    - libxml2
    - libxml2-16 >=2.15.3
  size: 46810
  timestamp: 1776376751152
- conda: https://conda.anaconda.org/conda-forge/linux-64/libxslt-1.1.43-h711ed8c_1.conda
  sha256: 0694760a3e62bdc659d90a14ae9c6e132b525a7900e59785b18a08bb52a5d7e5
  md5: 87e6096ec6d542d1c1f8b33245fe8300
  depends:
  - __glibc >=2.17,<3.0.a0
  - libgcc >=14
  - libxml2
  - libxml2-16 >=2.14.6
  license: MIT
  license_family: MIT
  purls: []
  run_exports:
    weak:
    - libxslt >=1.1.43,<2.0a0
  size: 245434
  timestamp: 1757963724977
- conda: https://conda.anaconda.org/conda-forge/linux-64/libzlib-1.3.2-h25fd6f3_2.conda
  sha256: 55044c403570f0dc26e6364de4dc5368e5f3fc7ff103e867c487e2b5ab2bcda9
  md5: d87ff7921124eccd67248aa483c23fec
  depends:
  - __glibc >=2.17,<3.0.a0
  constrains:
  - zlib 1.3.2 *_2
  license: Zlib
  license_family: Other
  purls: []
  run_exports:
    weak:
    - libzlib >=1.3.2,<2.0a0
  size: 63629
  timestamp: 1774072609062
- conda: https://conda.anaconda.org/conda-forge/linux-64/lxml-6.1.1-py314hae3bed6_0.conda
  sha256: 7238bd901bc6efe5d568c74a32d67f4135abbbdebfd6954a2e48b3aa399835cd
  md5: d541b0e73ecc183f9062a1aa95acbd1b
  depends:
  - __glibc >=2.17,<3.0.a0
  - libgcc >=14
  - libxml2
  - libxml2-16 >=2.14.6
  - libxslt >=1.1.43,<2.0a0
  - libzlib >=1.3.2,<2.0a0
  - python >=3.14,<3.15.0a0
  - python_abi 3.14.* *_cp314
  license: BSD-3-Clause and MIT-CMU
  purls:
  - pkg:pypi/lxml?source=hash-mapping
  run_exports: {}
  size: 1583195
  timestamp: 1779194870520
- conda: https://conda.anaconda.org/conda-forge/linux-64/ncurses-6.6-hdb14827_0.conda
  sha256: fc89f74bbe362fb29fa3c037697a89bec140b346a2469a90f7936d1d7ea4d8a3
  md5: fc21868a1a5aacc937e7a18747acb8a5
  depends:
  - __glibc >=2.17,<3.0.a0
  - libgcc >=14
  license: X11 AND BSD-3-Clause
  purls: []
  run_exports:
    weak:
    - ncurses >=6.6,<7.0a0
  size: 918956
  timestamp: 1777422145199
- conda: https://conda.anaconda.org/conda-forge/linux-64/openssl-3.6.3-h35e630c_0.conda
  sha256: d48f5c22b9897c01e4dff3680f1f57ceb02711ab9c62f74339b080419dfad34b
  md5: 79dd2074b5cd5c5c6b2930514a11e22d
  depends:
  - __glibc >=2.17,<3.0.a0
  - ca-certificates
  - libgcc >=14
  license: Apache-2.0
  license_family: Apache
  purls: []
  run_exports:
    weak:
    - openssl >=3.6.3,<4.0a0
  size: 3159683
  timestamp: 1781069855778
- conda: https://conda.anaconda.org/conda-forge/linux-64/pandoc-3.10.1-ha770c72_0.conda
  sha256: 997210def3d20be889988d3e461317edc0f0a7bc665f89fd3407d91c171b8783
  md5: 2e6769cee7eb33dc5780994f816305e6
  license: GPL-2.0-or-later
  license_family: GPL
  purls: []
  run_exports: {}
  size: 22629375
  timestamp: 1785015918765
- conda: https://conda.anaconda.org/conda-forge/linux-64/python-3.14.6-habeac84_100_cp314.conda
  build_number: 100
  sha256: 6d28ac2b061179deb434d3d57afa98ffd20ec3c5d44ab8048a1ca33424b22d38
  md5: 0b9b2f83b5b600e1ac38becde8d0dd44
  depends:
  - __glibc >=2.17,<3.0.a0
  - bzip2 >=1.0.8,<2.0a0
  - ld_impl_linux-64 >=2.36.1
  - libexpat >=2.8.1,<3.0a0
  - libffi >=3.5.2,<3.6.0a0
  - libgcc >=14
  - liblzma >=5.8.3,<6.0a0
  - libmpdec >=4.0.0,<5.0a0
  - libsqlite >=3.53.2,<4.0a0
  - libuuid >=2.42.1,<3.0a0
  - libzlib >=1.3.2,<2.0a0
  - ncurses >=6.6,<7.0a0
  - openssl >=3.5.7,<4.0a0
  - python_abi 3.14.* *_cp314
  - readline >=8.3,<9.0a0
  - tk >=8.6.13,<8.7.0a0
  - tzdata
  - zstd >=1.5.7,<1.6.0a0
  license: Python-2.0
  purls: []
  run_exports:
    weak:
    - python_abi 3.14.* *_cp314
    noarch:
    - python
  size: 36717183
  timestamp: 1781255094700
  python_site_packages_path: lib/python3.14/site-packages
- conda: https://conda.anaconda.org/conda-forge/linux-64/pyyaml-6.0.3-py314h67df5f8_1.conda
  sha256: b318fb070c7a1f89980ef124b80a0b5ccf3928143708a85e0053cde0169c699d
  md5: 2035f68f96be30dc60a5dfd7452c7941
  depends:
  - __glibc >=2.17,<3.0.a0
  - libgcc >=14
  - python >=3.14,<3.15.0a0
  - python_abi 3.14.* *_cp314
  - yaml >=0.2.5,<0.3.0a0
  license: MIT
  license_family: MIT
  purls:
  - pkg:pypi/pyyaml?source=hash-mapping
  run_exports: {}
  size: 202391
  timestamp: 1770223462836
- conda: https://conda.anaconda.org/conda-forge/linux-64/readline-8.3-h853b02a_0.conda
  sha256: 12ffde5a6f958e285aa22c191ca01bbd3d6e710aa852e00618fa6ddc59149002
  md5: d7d95fc8287ea7bf33e0e7116d2b95ec
  depends:
  - __glibc >=2.17,<3.0.a0
  - libgcc >=14
  - ncurses >=6.5,<7.0a0
  license: GPL-3.0-only
  license_family: GPL
  purls: []
  run_exports:
    weak:
    - readline >=8.3,<9.0a0
  size: 345073
  timestamp: 1765813471974
- conda: https://conda.anaconda.org/conda-forge/linux-64/tk-8.6.13-noxft_h366c992_103.conda
  sha256: cafeec44494f842ffeca27e9c8b0c27ed714f93ac77ddadc6aaf726b5554ebac
  md5: cffd3bdd58090148f4cfcd831f4b26ab
  depends:
  - __glibc >=2.17,<3.0.a0
  - libgcc >=14
  - libzlib >=1.3.1,<2.0a0
  constrains:
  - xorg-libx11 >=1.8.12,<2.0a0
  license: TCL
  license_family: BSD
  purls: []
  run_exports:
    weak:
    - tk >=8.6.13,<8.7.0a0
  size: 3301196
  timestamp: 1769460227866
- conda: https://conda.anaconda.org/conda-forge/linux-64/yaml-0.2.5-h280c20c_3.conda
  sha256: 6d9ea2f731e284e9316d95fa61869fe7bbba33df7929f82693c121022810f4ad
  md5: a77f85f77be52ff59391544bfe73390a
  depends:
  - libgcc >=14
  - __glibc >=2.17,<3.0.a0
  license: MIT
  license_family: MIT
  purls: []
  run_exports:
    weak:
    - yaml >=0.2.5,<0.3.0a0
  size: 85189
  timestamp: 1753484064210
- conda: https://conda.anaconda.org/conda-forge/linux-64/zstd-1.5.7-hb78ec9c_6.conda
  sha256: 68f0206ca6e98fea941e5717cec780ed2873ffabc0e1ed34428c061e2c6268c7
  md5: 4a13eeac0b5c8e5b8ab496e6c4ddd829
  depends:
  - __glibc >=2.17,<3.0.a0
  - libzlib >=1.3.1,<2.0a0
  license: BSD-3-Clause
  license_family: BSD
  purls: []
  run_exports:
    weak:
    - zstd >=1.5.7,<1.6.0a0
  size: 601375
  timestamp: 1764777111296
- conda: https://conda.anaconda.org/conda-forge/noarch/asgiref-3.11.1-pyhcf101f3_0.conda
  sha256: aaeeaf5129981ac0a50c7615458687a606cebfa259a0a94ed94096645ee0d61c
  md5: 91781fff6c1b3775c47a06b5f5a8f4f1
  depends:
  - python >=3.10
  - typing_extensions >=4
  - python
  license: BSD-3-Clause
  license_family: BSD
  purls:
  - pkg:pypi/asgiref?source=hash-mapping
  run_exports: {}
  size: 28381
  timestamp: 1770273198327
- conda: https://conda.anaconda.org/conda-forge/noarch/ca-certificates-2026.6.17-hbd8a1cb_0.conda
  sha256: f8e3c730fa14ee3f170493779f06522c4acf89169f43db4f039727709b6419cf
  md5: a9965dd99f683c5f444428f896635716
  depends:
  - __unix
  license: ISC
  purls: []
  run_exports: {}
  size: 128866
  timestamp: 1781708962055
- conda: https://conda.anaconda.org/conda-forge/noarch/django-6.0.6-pyhd8ed1ab_0.conda
  sha256: 2e3762bc1950f3ba1575f50104e1cd232f507f94075ef912b3a1bc00ec469938
  md5: bec4a1e4bff51e29a38958ea5b1b41bc
  depends:
  - asgiref >=3.9.1
  - python >=3.12
  - sqlparse >=0.5.0
  license: BSD-3-Clause
  license_family: BSD
  purls:
  - pkg:pypi/django?source=hash-mapping
  run_exports: {}
  size: 3908866
  timestamp: 1780528314221
- conda: https://conda.anaconda.org/conda-forge/noarch/importlib-metadata-9.0.0-pyhcf101f3_0.conda
  sha256: 43e2a5497cad1598ff88a3e69f69bc88b7b8f141fa63c60eab5db296317318b8
  md5: ffc17e785d64e12fc311af9184221839
  depends:
  - python >=3.10
  - zipp >=3.20
  - python
  license: Apache-2.0
  license_family: APACHE
  purls:
  - pkg:pypi/importlib-metadata?source=compressed-mapping
  run_exports: {}
  size: 34766
  timestamp: 1779714582554
- conda: https://conda.anaconda.org/conda-forge/noarch/markdown-3.10.2-pyhcf101f3_0.conda
  sha256: 20e0892592a3e7c683e3d66df704a9425d731486a97c34fc56af4da1106b2b6b
  md5: ba0a9221ce1063f31692c07370d062f3
  depends:
  - importlib-metadata >=4.4
  - python >=3.10
  - python
  license: BSD-3-Clause
  license_family: BSD
  purls:
  - pkg:pypi/markdown?source=hash-mapping
  run_exports: {}
  size: 85893
  timestamp: 1770694658918
- conda: https://conda.anaconda.org/conda-forge/noarch/pygments-2.20.0-pyhd8ed1ab_0.conda
  sha256: cf70b2f5ad9ae472b71235e5c8a736c9316df3705746de419b59d442e8348e86
  md5: 16c18772b340887160c79a6acc022db0
  depends:
  - python >=3.10
  license: BSD-2-Clause
  license_family: BSD
  purls:
  - pkg:pypi/pygments?source=hash-mapping
  run_exports: {}
  size: 893031
  timestamp: 1774796815820
- conda: https://conda.anaconda.org/conda-forge/noarch/pymdown-extensions-11.0-pyhd8ed1ab_0.conda
  sha256: b99a2f57f11efed06a5880ff9b7248ddfa751304744719ec98fc7f81b48ad86a
  md5: 86edd19c395948f02b6b8ee14138fbc2
  depends:
  - markdown >=3.6
  - python >=3.10
  - pyyaml
  license: MIT
  license_family: MIT
  purls:
  - pkg:pypi/pymdown-extensions?source=compressed-mapping
  run_exports: {}
  size: 172541
  timestamp: 1782206383620
- conda: https://conda.anaconda.org/conda-forge/noarch/python-docx-1.2.0-pyhff2d567_0.conda
  sha256: de6faf10475638f53788b56e26f92520be685255980476171f44d4b0fd8e46bf
  md5: acd1d843d04fec96fa33240eb4d70347
  depends:
  - lxml >=3.1.0
  - python >=3.9
  - typing_extensions >=4.9.0
  license: MIT
  license_family: MIT
  purls:
  - pkg:pypi/python-docx?source=hash-mapping
  run_exports: {}
  size: 178844
  timestamp: 1750157583631
- conda: https://conda.anaconda.org/conda-forge/noarch/python_abi-3.14-8_cp314.conda
  build_number: 8
  sha256: ad6d2e9ac39751cc0529dd1566a26751a0bf2542adb0c232533d32e176e21db5
  md5: 0539938c55b6b1a59b560e843ad864a4
  constrains:
  - python 3.14.* *_cp314
  license: BSD-3-Clause
  license_family: BSD
  purls: []
  run_exports: {}
  size: 6989
  timestamp: 1752805904792
- conda: https://conda.anaconda.org/conda-forge/noarch/sqlparse-0.5.5-pyhcf101f3_0.conda
  sha256: 20159c171d31cbbde7937f2f74c4cfc78eeaf1e3e9de4c830d0e070c93aa16c4
  md5: a1db6adc1093f9d5b3e6ffd46dac84b1
  depends:
  - python >=3.10
  - python
  license: BSD-3-Clause
  license_family: BSD
  purls:
  - pkg:pypi/sqlparse?source=hash-mapping
  run_exports: {}
  size: 44238
  timestamp: 1766143791089
- conda: https://conda.anaconda.org/conda-forge/noarch/typing_extensions-4.15.0-pyhcf101f3_0.conda
  sha256: 032271135bca55aeb156cee361c81350c6f3fb203f57d024d7e5a1fc9ef18731
  md5: 0caa1af407ecff61170c9437a808404d
  depends:
  - python >=3.10
  - python
  license: PSF-2.0
  license_family: PSF
  purls:
  - pkg:pypi/typing-extensions?source=hash-mapping
  run_exports: {}
  size: 51692
  timestamp: 1756220668932
- conda: https://conda.anaconda.org/conda-forge/noarch/tzdata-2025c-hc9c84f9_1.conda
  sha256: 1d30098909076af33a35017eed6f2953af1c769e273a0626a04722ac4acaba3c
  md5: ad659d0a2b3e47e38d829aa8cad2d610
  license: LicenseRef-Public-Domain
  purls: []
  run_exports: {}
  size: 119135
  timestamp: 1767016325805
- conda: https://conda.anaconda.org/conda-forge/noarch/zipp-4.1.0-pyhcf101f3_0.conda
  sha256: 210bd31c22bb88f5e2a167df24c95bb5f152b2ada7502f9b8c49d1f5366db423
  md5: ba3dcdc8584155c97c648ae9c044b7a3
  depends:
  - python >=3.10
  - python
  license: MIT
  license_family: MIT
  purls:
  - pkg:pypi/zipp?source=compressed-mapping
  run_exports: {}
  size: 24190
  timestamp: 1779159948016
- pypi: .
  name: mysite
  requires_python: '>=3.11'
- pypi: https://files.pythonhosted.org/packages/04/4b/29cac41a4d98d144bf5f6d33995617b185d14b22401f75ca86f384e87ff1/h11-0.16.0-py3-none-any.whl
  name: h11
  version: 0.16.0
  sha256: 63cf8bbe7522de3bf65932fda1d9c2772064ffb3dae62d55932da54b31cb6c86
  requires_python: '>=3.8'
- pypi: https://files.pythonhosted.org/packages/0b/d7/1959b9648791274998a9c3526f6d0ec8fd2233e4d4acce81bbae76b44b2a/python_dotenv-1.2.2-py3-none-any.whl
  name: python-dotenv
  version: 1.2.2
  sha256: 1d8214789a24de455a8b8bd8ae6fe3c6b69a5e3d64aa8a8e5d68e694bbcb285a
  requires_dist:
  - click>=5.0 ; extra == 'cli'
  requires_python: '>=3.10'
- pypi: https://files.pythonhosted.org/packages/1e/5e/d4e9f1a599fb8e573b7b87160658329fbf28d19eac2718f51fc3def3aa5a/idna-3.18-py3-none-any.whl
  name: idna
  version: '3.18'
  sha256: 7f952cbe720b688055e3f87de14f5c3e5fdaa8bc3928985c4077ca689de849a2
  requires_dist:
  - ruff>=0.6.2 ; extra == 'all'
  - mypy>=1.11.2 ; extra == 'all'
  - pytest>=8.3.2 ; extra == 'all'
  requires_python: '>=3.9'
- pypi: https://files.pythonhosted.org/packages/34/b9/9b1a28f605ad75fa7e4588f51661eb3c7c5feb5ad23e985761e9a14d01c4/django_markdownify-0.9.7-py3-none-any.whl
  name: django-markdownify
  version: 0.9.7
  sha256: ca3a6361f952d1c1b661c13229f69219a36e745358aa0f377212aef8f09e4cf3
  requires_dist:
  - django
  - markdown
  - bleach[css]>=6.0.0
  requires_python: '>=3.7'
- pypi: https://files.pythonhosted.org/packages/58/9d/40b6267367182187139a4000b82a3b287d84d745bccd808e75d916920e9d/bleach-6.4.0-py3-none-any.whl
  name: bleach
  version: 6.4.0
  sha256: 4b6b6a54fff2e69a3dde9d21cc6301220bee3c3cb792187d11403fd795031081
  requires_dist:
  - webencodings
  - tinycss2>=1.1.0 ; extra == 'css'
  requires_python: '>=3.10'
- pypi: https://files.pythonhosted.org/packages/60/45/c7b5c3168458db837e8ceab06dc77824e18202679d0463f0e8f002143a97/tinycss2-1.5.1-py3-none-any.whl
  name: tinycss2
  version: 1.5.1
  sha256: 3415ba0f5839c062696996998176c4a3751d18b7edaaeeb658c9ce21ec150661
  requires_dist:
  - webencodings>=0.4
  - sphinx ; extra == 'doc'
  - furo ; extra == 'doc'
  - pytest ; extra == 'test'
  - ruff ; extra == 'test'
  requires_python: '>=3.10'
- pypi: https://files.pythonhosted.org/packages/63/bc/d3e208028de777087e6fb2b122051a6ff7bbcca0d6df9d9c2bf1dd869ae9/websockets-16.0-cp314-cp314-manylinux1_x86_64.manylinux_2_28_x86_64.manylinux_2_5_x86_64.whl
  name: websockets
  version: '16.0'
  sha256: 781caf5e8eee67f663126490c2f96f40906594cb86b408a703630f95550a8c3e
  requires_python: '>=3.10'
- pypi: https://files.pythonhosted.org/packages/7c/8a/3076c496ca8dafe0e8cd03fcebdfc47be4b1174b4e5b24ff6e396e6b3af2/watchfiles-1.2.0-cp314-cp314-manylinux_2_17_x86_64.manylinux2014_x86_64.whl
  name: watchfiles
  version: 1.2.0
  sha256: 054dc20fd2e3132b4c3883b4a00d72fd6e1f56fdaf89fccd12e8057d74cd74d7
  requires_dist:
  - anyio>=3.0.0
  requires_python: '>=3.10'
- pypi: https://files.pythonhosted.org/packages/88/fa/e1388bbcf24ef3274f45c0c1c7b501fd14971037c1b6ee23610553307497/uvicorn-0.49.0-py3-none-any.whl
  name: uvicorn
  version: 0.49.0
  sha256: ba3d14c3ee7e41c6c654c46c9eb489d33213cdd30aa1696eab1374337c13f68f
  requires_dist:
  - click>=7.0
  - h11>=0.8
  - typing-extensions>=4.0 ; python_full_version < '3.11'
  - colorama>=0.4 ; sys_platform == 'win32' and extra == 'standard'
  - httptools>=0.8.0 ; extra == 'standard'
  - python-dotenv>=0.13 ; extra == 'standard'
  - pyyaml>=5.1 ; extra == 'standard'
  - uvloop>=0.15.1 ; platform_python_implementation != 'PyPy' and sys_platform != 'cygwin' and sys_platform != 'win32' and extra == 'standard'
  - watchfiles>=0.20 ; extra == 'standard'
  - websockets>=10.4 ; extra == 'standard'
  requires_python: '>=3.10'
- pypi: https://files.pythonhosted.org/packages/a6/a3/17c284b4f4d8ad50f0f9ba70ad8fcc35c777aeafcdbbffdd91bbdc5ab379/python_frontmatter-1.3.0-py3-none-any.whl
  name: python-frontmatter
  version: 1.3.0
  sha256: 9f7dd9260bec99044219159a329f64f039087f9d1a2124c9442556f2fe6f82ec
  requires_dist:
  - pyyaml
  - sphinx ; extra == 'docs'
  - pytest ; extra == 'test'
  - toml ; extra == 'test'
  - pyaml ; extra == 'test'
  - mypy ; extra == 'test'
  - types-pyyaml ; extra == 'test'
  - types-toml ; extra == 'test'
  - toml ; extra == 'toml'
  requires_python: '>=3.10'
- pypi: https://files.pythonhosted.org/packages/b5/35/60249e9fd07b32c665192cec7af29e06c7cd96fa1d08b84f012a56a0b38e/uvloop-0.22.1-cp314-cp314-manylinux2014_x86_64.manylinux_2_17_x86_64.manylinux_2_28_x86_64.whl
  name: uvloop
  version: 0.22.1
  sha256: c1955d5a1dd43198244d47664a5858082a3239766a839b2102a269aaff7a4e25
  requires_dist:
  - aiohttp>=3.10.5 ; extra == 'test'
  - flake8~=6.1 ; extra == 'test'
  - psutil ; extra == 'test'
  - pycodestyle~=2.11.0 ; extra == 'test'
  - pyopenssl~=25.3.0 ; extra == 'test'
  - mypy>=0.800 ; extra == 'test'
  - setuptools>=60 ; extra == 'dev'
  - cython~=3.0 ; extra == 'dev'
  - sphinx~=4.1.2 ; extra == 'docs'
  - sphinxcontrib-asyncio~=0.3.0 ; extra == 'docs'
  - sphinx-rtd-theme~=0.5.2 ; extra == 'docs'
  requires_python: '>=3.8.1'
- pypi: https://files.pythonhosted.org/packages/ba/16/9826f089383c593cdfc4a6e5aca94d9e91ae1692c57af82c3b2aa5e810f7/anyio-4.14.0-py3-none-any.whl
  name: anyio
  version: 4.14.0
  sha256: dd9b7a2a9799ed6552fde617b2c5df02b7fdd7d88392fc48101e51bae46164d9
  requires_dist:
  - exceptiongroup>=1.0.2 ; python_full_version < '3.11'
  - idna>=2.8
  - typing-extensions>=4.5 ; python_full_version < '3.13'
  - trio>=0.32.0 ; extra == 'trio'
  requires_python: '>=3.10'
- pypi: https://files.pythonhosted.org/packages/ba/53/771bd891eb0f236f32145d6a1775777ec85745f3cc983a1f23d1a3b8ddfe/httptools-0.8.0-cp314-cp314-manylinux1_x86_64.manylinux_2_28_x86_64.manylinux_2_5_x86_64.whl
  name: httptools
  version: 0.8.0
  sha256: c4a9f1707e4823d54dfec6c33fa3697d302aed536ed352a7ebb5a061ddb869d0
  requires_python: '>=3.9'
- pypi: https://files.pythonhosted.org/packages/c7/0d/67e5b4109ea4a837e80daa87c2c696711955e40449a97e8926672534def2/click-8.4.1-py3-none-any.whl
  name: click
  version: 8.4.1
  sha256: 482be17c6991b8c19c5429a1e995d9b0efdbb63172824c41f99965dc0ade8ec2
  requires_dist:
  - colorama ; sys_platform == 'win32'
  requires_python: '>=3.10'
- pypi: https://files.pythonhosted.org/packages/f4/24/2a3e3df732393fed8b3ebf2ec078f05546de641fe1b667ee316ec1dcf3b7/webencodings-0.5.1-py2.py3-none-any.whl
  name: webencodings
  version: 0.5.1
  sha256: a0af1213f3c2226497a97e2b3aa01a7e4bee4f403f95be16fc9acd2947514a78
